{
  "requires": true,
  "lockfileVersion": 1,
  "dependencies": {
    "jsonschema": {
      "version": "1.2.6",
      "resolved": "https://registry.npmjs.org/jsonschema/-/jsonschema-1.2.6.tgz",
      "integrity": "sha512-SqhURKZG07JyKKeo/ir24QnS4/BV7a6gQy93bUSe4lUdNp0QNpIz2c9elWJQ9dpc5cQYY6cvCzgRwy0MQCLyqA=="
    },
    "verbal-expressions": {
      "version": "1.0.2",
      "resolved": "https://registry.npmjs.org/verbal-expressions/-/verbal-expressions-1.0.2.tgz",
      "integrity": "sha512-LV8eG4ckcg1iIhGjOF+j1jb0b58m1DgGywce+2U8kbRrB5wZnGe4XCyUyOujZR9D/+rJGXTmxnL30o3zAgmC4w=="
    }
  }
}
